// !$*UTF8*$!
{
	archiveVersion = 1;
	classes = {
	};
	objectVersion = 48;
	objects = {

/* Begin PBXBuildFile section */
		BF734EA01F8BDC53004B8295 /* AppDelegate.swift in Sources */ = {isa = PBXBuildFile; fileRef = BF734E9F1F8BDC53004B8295 /* AppDelegate.swift */; };
		BF734EA21F8BDC53004B8295 /* RecipesVC.swift in Sources */ = {isa = PBXBuildFile; fileRef = BF734EA11F8BDC53004B8295 /* RecipesVC.swift */; };
		BF734EA51F8BDC53004B8295 /* Main.storyboard in Resources */ = {isa = PBXBuildFile; fileRef = BF734EA31F8BDC53004B8295 /* Main.storyboard */; };
		BF734EA71F8BDC53004B8295 /* Assets.xcassets in Resources */ = {isa = PBXBuildFile; fileRef = BF734EA61F8BDC53004B8295 /* Assets.xcassets */; };
		BF734EAA1F8BDC53004B8295 /* LaunchScreen.storyboard in Resources */ = {isa = PBXBuildFile; fileRef = BF734EA81F8BDC53004B8295 /* LaunchScreen.storyboard */; };
		BF734EB41F8BE4BE004B8295 /* RecipesTableViewCell.swift in Sources */ = {isa = PBXBuildFile; fileRef = BF734EB31F8BE4BE004B8295 /* RecipesTableViewCell.swift */; };
		BF734EB61F8C1220004B8295 /* Recipe.swift in Sources */ = {isa = PBXBuildFile; fileRef = BF734EB51F8C1220004B8295 /* Recipe.swift */; };
		BF734EB81F8C1F48004B8295 /* ApiCaller.swift in Sources */ = {isa = PBXBuildFile; fileRef = BF734EB71F8C1F48004B8295 /* ApiCaller.swift */; };
		BF734EBA1F8C2784004B8295 /* ApiKey.swift in Sources */ = {isa = PBXBuildFile; fileRef = BF734EB91F8C2784004B8295 /* ApiKey.swift */; };
		BF734EBC1F8C679E004B8295 /* FillerProtocal.swift in Sources */ = {isa = PBXBuildFile; fileRef = BF734EBB1F8C679E004B8295 /* FillerProtocal.swift */; };
/* End PBXBuildFile section */

/* Begin PBXFileReference section */
		BF734E9C1F8BDC53004B8295 /* randomRecipes.app */ = {isa = PBXFileReference; explicitFileType = wrapper.application; includeInIndex = 0; path = randomRecipes.app; sourceTree = BUILT_PRODUCTS_DIR; };
		BF734E9F1F8BDC53004B8295 /* AppDelegate.swift */ = {isa = PBXFileReference; lastKnownFileType = sourcecode.swift; path = AppDelegate.swift; sourceTree = "<group>"; };
		BF734EA11F8BDC53004B8295 /* RecipesVC.swift */ = {isa = PBXFileReference; lastKnownFileType = sourcecode.swift; path = RecipesVC.swift; sourceTree = "<group>"; };
		BF734EA41F8BDC53004B8295 /* Base */ = {isa = PBXFileReference; lastKnownFileType = file.storyboard; name = Base; path = Base.lproj/Main.storyboard; sourceTree = "<group>"; };
		BF734EA61F8BDC53004B8295 /* Assets.xcassets */ = {isa = PBXFileReference; lastKnownFileType = folder.assetcatalog; path = Assets.xcassets; sourceTree = "<group>"; };
		BF734EA91F8BDC53004B8295 /* Base */ = {isa = PBXFileReference; lastKnownFileType = file.storyboard; name = Base; path = Base.lproj/LaunchScreen.storyboard; sourceTree = "<group>"; };
		BF734EAB1F8BDC53004B8295 /* Info.plist */ = {isa = PBXFileReference; lastKnownFileType = text.plist.xml; path = Info.plist; sourceTree = "<group>"; };
		BF734EB31F8BE4BE004B8295 /* RecipesTableViewCell.swift */ = {isa = PBXFileReference; lastKnownFileType = sourcecode.swift; path = RecipesTableViewCell.swift; sourceTree = "<group>"; };
		BF734EB51F8C1220004B8295 /* Recipe.swift */ = {isa = PBXFileReference; lastKnownFileType = sourcecode.swift; path = Recipe.swift; sourceTree = "<group>"; };
		BF734EB71F8C1F48004B8295 /* ApiCaller.swift */ = {isa = PBXFileReference; lastKnownFileType = sourcecode.swift; path = ApiCaller.swift; sourceTree = "<group>"; };
		BF734EB91F8C2784004B8295 /* ApiKey.swift */ = {isa = PBXFileReference; lastKnownFileType = sourcecode.swift; path = ApiKey.swift; sourceTree = "<group>"; };
		BF734EBB1F8C679E004B8295 /* FillerProtocal.swift */ = {isa = PBXFileReference; lastKnownFileType = sourcecode.swift; path = FillerProtocal.swift; sourceTree = "<group>"; };
/* End PBXFileReference section */

/* Begin PBXFrameworksBuildPhase section */
		BF734E991F8BDC53004B8295 /* Frameworks */ = {
			isa = PBXFrameworksBuildPhase;
			buildActionMask = 2147483647;
			files = (
			);
			runOnlyForDeploymentPostprocessing = 0;
		};
/* End PBXFrameworksBuildPhase section */

/* Begin PBXGroup section */
		BF734E931F8BDC53004B8295 = {
			isa = PBXGroup;
			children = (
				BF734EBB1F8C679E004B8295 /* FillerProtocal.swift */,
				BF734EB91F8C2784004B8295 /* ApiKey.swift */,
				BF734E9E1F8BDC53004B8295 /* randomRecipes */,
				BF734E9D1F8BDC53004B8295 /* Products */,
			);
			sourceTree = "<group>";
		};
		BF734E9D1F8BDC53004B8295 /* Products */ = {
			isa = PBXGroup;
			children = (
				BF734E9C1F8BDC53004B8295 /* randomRecipes.app */,
			);
			name = Products;
			sourceTree = "<group>";
		};
		BF734E9E1F8BDC53004B8295 /* randomRecipes */ = {
			isa = PBXGroup;
			children = (
				BF734E9F1F8BDC53004B8295 /* AppDelegate.swift */,
				BF734EA11F8BDC53004B8295 /* RecipesVC.swift */,
				BF734EB71F8C1F48004B8295 /* ApiCaller.swift */,
				BF734EA31F8BDC53004B8295 /* Main.storyboard */,
				BF734EA61F8BDC53004B8295 /* Assets.xcassets */,
				BF734EA81F8BDC53004B8295 /* LaunchScreen.storyboard */,
				BF734EAB1F8BDC53004B8295 /* Info.plist */,
				BF734EB31F8BE4BE004B8295 /* RecipesTableViewCell.swift */,
				BF734EB51F8C1220004B8295 /* Recipe.swift */,
			);
			path = randomRecipes;
			sourceTree = "<group>";
		};
/* End PBXGroup section */

/* Begin PBXNativeTarget section */
		BF734E9B1F8BDC53004B8295 /* randomRecipes */ = {
			isa = PBXNativeTarget;
			buildConfigurationList = BF734EAE1F8BDC53004B8295 /* Build configuration list for PBXNativeTarget "randomRecipes" */;
			buildPhases = (
				BF734E981F8BDC53004B8295 /* Sources */,
				BF734E991F8BDC53004B8295 /* Frameworks */,
				BF734E9A1F8BDC53004B8295 /* Resources */,
			);
			buildRules = (
			);
			dependencies = (
			);
			name = randomRecipes;
			productName = randomRecipes;
			productReference = BF734E9C1F8BDC53004B8295 /* randomRecipes.app */;
			productType = "com.apple.product-type.application";
		};
/* End PBXNativeTarget section */

/* Begin PBXProject section */
		BF734E941F8BDC53004B8295 /* Project object */ = {
			isa = PBXProject;
			attributes = {
				LastSwiftUpdateCheck = 0900;
				LastUpgradeCheck = 0900;
				ORGANIZATIONNAME = Appmaker;
				TargetAttributes = {
					BF734E9B1F8BDC53004B8295 = {
						CreatedOnToolsVersion = 9.0;
						ProvisioningStyle = Automatic;
					};
				};
			};
			buildConfigurationList = BF734E971F8BDC53004B8295 /* Build configuration list for PBXProject "randomRecipes" */;
			compatibilityVersion = "Xcode 8.0";
			developmentRegion = en;
			hasScannedForEncodings = 0;
			knownRegions = (
				en,
				Base,
			);
			mainGroup = BF734E931F8BDC53004B8295;
			productRefGroup = BF734E9D1F8BDC53004B8295 /* Products */;
			projectDirPath = "";
			projectRoot = "";
			targets = (
				BF734E9B1F8BDC53004B8295 /* randomRecipes */,
			);
		};
/* End PBXProject section */

/* Begin PBXResourcesBuildPhase section */
		BF734E9A1F8BDC53004B8295 /* Resources */ = {
			isa = PBXResourcesBuildPhase;
			buildActionMask = 2147483647;
			files = (
				BF734EAA1F8BDC53004B8295 /* LaunchScreen.storyboard in Resources */,
				BF734EA71F8BDC53004B8295 /* Assets.xcassets in Resources */,
				BF734EA51F8BDC53004B8295 /* Main.storyboard in Resources */,
			);
			runOnlyForDeploymentPostprocessing = 0;
		};
/* End PBXResourcesBuildPhase section */

/* Begin PBXSourcesBuildPhase section */
		BF734E981F8BDC53004B8295 /* Sources */ = {
			isa = PBXSourcesBuildPhase;
			buildActionMask = 2147483647;
			files = (
				BF734EA21F8BDC53004B8295 /* RecipesVC.swift in Sources */,
				BF734EA01F8BDC53004B8295 /* AppDelegate.swift in Sources */,
				BF734EB41F8BE4BE004B8295 /* RecipesTableViewCell.swift in Sources */,
				BF734EB61F8C1220004B8295 /* Recipe.swift in Sources */,
				BF734EBC1F8C679E004B8295 /* FillerProtocal.swift in Sources */,
				BF734EBA1F8C2784004B8295 /* ApiKey.swift in Sources */,
				BF734EB81F8C1F48004B8295 /* ApiCaller.swift in Sources */,
			);
			runOnlyForDeploymentPostprocessing = 0;
		};
/* End PBXSourcesBuildPhase section */

/* Begin PBXVariantGroup section */
		BF734EA31F8BDC53004B8295 /* Main.storyboard */ = {
			isa = PBXVariantGroup;
			children = (
				BF734EA41F8BDC53004B8295 /* Base */,
			);
			name = Main.storyboard;
			sourceTree = "<group>";
		};
		BF734EA81F8BDC53004B8295 /* LaunchScreen.storyboard */ = {
			isa = PBXVariantGroup;
			children = (
				BF734EA91F8BDC53004B8295 /* Base */,
			);
			name = LaunchScreen.storyboard;
			sourceTree = "<group>";
		};
/* End PBXVariantGroup section */

/* Begin XCBuildConfiguration section */
		BF734EAC1F8BDC53004B8295 /* Debug */ = {
			isa = XCBuildConfiguration;
			buildSettings = {
				ALWAYS_SEARCH_USER_PATHS = NO;
				CLANG_ANALYZER_NONNULL = YES;
				CLANG_ANALYZER_NUMBER_OBJECT_CONVERSION = YES_AGGRESSIVE;
				CLANG_CXX_LANGUAGE_STANDARD = "gnu++14";
				CLANG_CXX_LIBRARY = "libc++";
				CLANG_ENABLE_MODULES = YES;
				CLANG_ENABLE_OBJC_ARC = YES;
				CLANG_WARN_BLOCK_CAPTURE_AUTORELEASING = YES;
				CLANG_WARN_BOOL_CONVERSION = YES;
				CLANG_WARN_COMMA = YES;
				CLANG_WARN_CONSTANT_CONVERSION = YES;
				CLANG_WARN_DIRECT_OBJC_ISA_USAGE = YES_ERROR;
				CLANG_WARN_DOCUMENTATION_COMMENTS = YES;
				CLANG_WARN_EMPTY_BODY = YES;
				CLANG_WARN_ENUM_CONVERSION = YES;
				CLANG_WARN_INFINITE_RECURSION = YES;
				CLANG_WARN_INT_CONVERSION = YES;
				CLANG_WARN_NON_LITERAL_NULL_CONVERSION = YES;
				CLANG_WARN_OBJC_LITERAL_CONVERSION = YES;
				CLANG_WARN_OBJC_ROOT_CLASS = YES_ERROR;
				CLANG_WARN_RANGE_LOOP_ANALYSIS = YES;
				CLANG_WARN_STRICT_PROTOTYPES = YES;
				CLANG_WARN_SUSPICIOUS_MOVE = YES;
				CLANG_WARN_UNGUARDED_AVAILABILITY = YES_AGGRESSIVE;
				CLANG_WARN_UNREACHABLE_CODE = YES;
				CLANG_WARN__DUPLICATE_METHOD_MATCH = YES;
				CODE_SIGN_IDENTITY = "iPhone Developer";
				COPY_PHASE_STRIP = NO;
				DEBUG_INFORMATION_FORMAT = dwarf;
				ENABLE_STRICT_OBJC_MSGSEND = YES;
				ENABLE_TESTABILITY = YES;
				GCC_C_LANGUAGE_STANDARD = gnu11;
				GCC_DYNAMIC_NO_PIC = NO;
				GCC_NO_COMMON_BLOCKS = YES;
				GCC_OPTIMIZATION_LEVEL = 0;
				GCC_PREPROCESSOR_DEFINITIONS = (
					"DEBUG=1",
					"$(inherited)",
				);
				GCC_WARN_64_TO_32_BIT_CONVERSION = YES;
				GCC_WARN_ABOUT_RETURN_TYPE = YES_ERROR;
				GCC_WARN_UNDECLARED_SELECTOR = YES;
				GCC_WARN_UNINITIALIZED_AUTOS = YES_AGGRESSIVE;
				GCC_WARN_UNUSED_FUNCTION = YES;
				GCC_WARN_UNUSED_VARIABLE = YES;
				IPHONEOS_DEPLOYMENT_TARGET = 11.0;
				MTL_ENABLE_DEBUG_INFO = YES;
				ONLY_ACTIVE_ARCH = YES;
				SDKROOT = iphoneos;
				SWIFT_ACTIVE_COMPILATION_CONDITIONS = DEBUG;
				SWIFT_OPTIMIZATION_LEVEL = "-Onone";
			};
			name = Debug;
		};
		BF734EAD1F8BDC53004B8295 /* Release */ = {
			isa = XCBuildConfiguration;
			buildSettings = {
				ALWAYS_SEARCH_USER_PATHS = NO;
				CLANG_ANALYZER_NONNULL = YES;
				CLANG_ANALYZER_NUMBER_OBJECT_CONVERSION = YES_AGGRESSIVE;
				CLANG_CXX_LANGUAGE_STANDARD = "gnu++14";
				CLANG_CXX_LIBRARY = "libc++";
				CLANG_ENABLE_MODULES = YES;
				CLANG_ENABLE_OBJC_ARC = YES;
				CLANG_WARN_BLOCK_CAPTURE_AUTORELEASING = YES;
				CLANG_WARN_BOOL_CONVERSION = YES;
				CLANG_WARN_COMMA = YES;
				CLANG_WARN_CONSTANT_CONVERSION = YES;
				CLANG_WARN_DIRECT_OBJC_ISA_USAGE = YES_ERROR;
				CLANG_WARN_DOCUMENTATION_COMMENTS = YES;
				CLANG_WARN_EMPTY_BODY = YES;
				CLANG_WARN_ENUM_CONVERSION = YES;
				CLANG_WARN_INFINITE_RECURSION = YES;
				CLANG_WARN_INT_CONVERSION = YES;
				CLANG_WARN_NON_LITERAL_NULL_CONVERSION = YES;
				CLANG_WARN_OBJC_LITERAL_CONVERSION = YES;
				CLANG_WARN_OBJC_ROOT_CLASS = YES_ERROR;
				CLANG_WARN_RANGE_LOOP_ANALYSIS = YES;
				CLANG_WARN_STRICT_PROTOTYPES = YES;
				CLANG_WARN_SUSPICIOUS_MOVE = YES;
				CLANG_WARN_UNGUARDED_AVAILABILITY = YES_AGGRESSIVE;
				CLANG_WARN_UNREACHABLE_CODE = YES;
				CLANG_WARN__DUPLICATE_METHOD_MATCH = YES;
				CODE_SIGN_IDENTITY = "iPhone Developer";
				COPY_PHASE_STRIP = NO;
				DEBUG_INFORMATION_FORMAT = "dwarf-with-dsym";
				ENABLE_NS_ASSERTIONS = NO;
				ENABLE_STRICT_OBJC_MSGSEND = YES;
				GCC_C_LANGUAGE_STANDARD = gnu11;
				GCC_NO_COMMON_BLOCKS = YES;
				GCC_WARN_64_TO_32_BIT_CONVERSION = YES;
				GCC_WARN_ABOUT_RETURN_TYPE = YES_ERROR;
				GCC_WARN_UNDECLARED_SELECTOR = YES;
				GCC_WARN_UNINITIALIZED_AUTOS = YES_AGGRESSIVE;
				GCC_WARN_UNUSED_FUNCTION = YES;
				GCC_WARN_UNUSED_VARIABLE = YES;
				IPHONEOS_DEPLOYMENT_TARGET = 11.0;
				MTL_ENABLE_DEBUG_INFO = NO;
				SDKROOT = iphoneos;
				SWIFT_OPTIMIZATION_LEVEL = "-Owholemodule";
				VALIDATE_PRODUCT = YES;
			};
			name = Release;
		};
		BF734EAF1F8BDC53004B8295 /* Debug */ = {
			isa = XCBuildConfiguration;
			buildSettings = {
				ASSETCATALOG_COMPILER_APPICON_NAME = AppIcon;
				CODE_SIGN_STYLE = Automatic;
				DEVELOPMENT_TEAM = J69W6VP8JF;
				INFOPLIST_FILE = randomRecipes/Info.plist;
				LD_RUNPATH_SEARCH_PATHS = "$(inherited) @executable_path/Frameworks";
				PRODUCT_BUNDLE_IDENTIFIER = com.JaredSobol.randomRecipes;
				PRODUCT_NAME = "$(TARGET_NAME)";
				SWIFT_VERSION = 4.0;
				TARGETED_DEVICE_FAMILY = "1,2";
			};
			name = Debug;
		};
		BF734EB01F8BDC53004B8295 /* Release */ = {
			isa = XCBuildConfiguration;
			buildSettings = {
				ASSETCATALOG_COMPILER_APPICON_NAME = AppIcon;
				CODE_SIGN_STYLE = Automatic;
				DEVELOPMENT_TEAM = J69W6VP8JF;
				INFOPLIST_FILE = randomRecipes/Info.plist;
				LD_RUNPATH_SEARCH_PATHS = "$(inherited) @executable_path/Frameworks";
				PRODUCT_BUNDLE_IDENTIFIER = com.JaredSobol.randomRecipes;
				PRODUCT_NAME = "$(TARGET_NAME)";
				SWIFT_VERSION = 4.0;
				TARGETED_DEVICE_FAMILY = "1,2";
			};
			name = Release;
		};
/* End XCBuildConfiguration section */

/* Begin XCConfigurationList section */
		BF734E971F8BDC53004B8295 /* Build configuration list for PBXProject "randomRecipes" */ = {
			isa = XCConfigurationList;
			buildConfigurations = (
				BF734EAC1F8BDC53004B8295 /* Debug */,
				BF734EAD1F8BDC53004B8295 /* Release */,
			);
			defaultConfigurationIsVisible = 0;
			defaultConfigurationName = Release;
		};
		BF734EAE1F8BDC53004B8295 /* Build configuration list for PBXNativeTarget "randomRecipes" */ = {
			isa = XCConfigurationList;
			buildConfigurations = (
				BF734EAF1F8BDC53004B8295 /* Debug */,
				BF734EB01F8BDC53004B8295 /* Release */,
			);
			defaultConfigurationIsVisible = 0;
			defaultConfigurationName = Release;
		};
/* End XCConfigurationList section */
	};
	rootObject = BF734E941F8BDC53004B8295 /* Project object */;
}
